
Microsoft Visual Studio Solution File, Format Version 12.00
# Visual Studio Version 16
VisualStudioVersion = 16.0.29519.181
MinimumVisualStudioVersion = 10.0.40219.1
Project("{9A19103F-16F7-4668-BE54-9A1E7A4F7556}") = "UnitTest", "UnitTest\UnitTest.csproj", "{DA24079F-9FC9-4B79-824F-A9EFF90D5926}"
EndProject
Project("{9A19103F-16F7-4668-BE54-9A1E7A4F7556}") = "XUnitTest", "XUnitTest\XUnitTest.csproj", "{CB51791C-7013-4321-97FE-D874191857C5}"
EndProject
Project("{FAE04EC0-301F-11D3-BF4B-00C04F79EFBC}") = "APITest", "APITest\APITest.csproj", "{A3089E60-3574-4171-8D1C-1717BA75BBA2}"
EndProject
Global
	GlobalSection(SolutionConfigurationPlatforms) = preSolution
		Debug|Any CPU = Debug|Any CPU
		Release|Any CPU = Release|Any CPU
	EndGlobalSection
	GlobalSection(ProjectConfigurationPlatforms) = postSolution
		{DA24079F-9FC9-4B79-824F-A9EFF90D5926}.Debug|Any CPU.ActiveCfg = Debug|Any CPU
		{DA24079F-9FC9-4B79-824F-A9EFF90D5926}.Debug|Any CPU.Build.0 = Debug|Any CPU
		{DA24079F-9FC9-4B79-824F-A9EFF90D5926}.Release|Any CPU.ActiveCfg = Release|Any CPU
		{DA24079F-9FC9-4B79-824F-A9EFF90D5926}.Release|Any CPU.Build.0 = Release|Any CPU
		{CB51791C-7013-4321-97FE-D874191857C5}.Debug|Any CPU.ActiveCfg = Debug|Any CPU
		{CB51791C-7013-4321-97FE-D874191857C5}.Debug|Any CPU.Build.0 = Debug|Any CPU
		{CB51791C-7013-4321-97FE-D874191857C5}.Release|Any CPU.ActiveCfg = Release|Any CPU
		{CB51791C-7013-4321-97FE-D874191857C5}.Release|Any CPU.Build.0 = Release|Any CPU
		{A3089E60-3574-4171-8D1C-1717BA75BBA2}.Debug|Any CPU.ActiveCfg = Debug|Any CPU
		{A3089E60-3574-4171-8D1C-1717BA75BBA2}.Debug|Any CPU.Build.0 = Debug|Any CPU
		{A3089E60-3574-4171-8D1C-1717BA75BBA2}.Release|Any CPU.ActiveCfg = Release|Any CPU
		{A3089E60-3574-4171-8D1C-1717BA75BBA2}.Release|Any CPU.Build.0 = Release|Any CPU
	EndGlobalSection
	GlobalSection(SolutionProperties) = preSolution
		HideSolutionNode = FALSE
	EndGlobalSection
	GlobalSection(ExtensibilityGlobals) = postSolution
		SolutionGuid = {D5345C9C-E610-4237-925C-D1F19ABC2A1E}
	EndGlobalSection
EndGlobal
